
Microsoft Visual Studio Solution File, Format Version 12.00
# Visual Studio Version 17
VisualStudioVersion = 17.5.33530.505
MinimumVisualStudioVersion = 10.0.40219.1
Project("{FAE04EC0-301F-11D3-BF4B-00C04F79EFBC}") = "ClothingStoreMVC", "ClothingStoreMVC\ClothingStoreMVC.csproj", "{F73A208A-09EC-4818-90C6-BD0A0D1AD5BF}"
EndProject
Global
	GlobalSection(SolutionConfigurationPlatforms) = preSolution
		Debug|Any CPU = Debug|Any CPU
		Release|Any CPU = Release|Any CPU
	EndGlobalSection
	GlobalSection(ProjectConfigurationPlatforms) = postSolution
		{F73A208A-09EC-4818-90C6-BD0A0D1AD5BF}.Debug|Any CPU.ActiveCfg = Debug|Any CPU
		{F73A208A-09EC-4818-90C6-BD0A0D1AD5BF}.Debug|Any CPU.Build.0 = Debug|Any CPU
		{F73A208A-09EC-4818-90C6-BD0A0D1AD5BF}.Release|Any CPU.ActiveCfg = Release|Any CPU
		{F73A208A-09EC-4818-90C6-BD0A0D1AD5BF}.Release|Any CPU.Build.0 = Release|Any CPU
	EndGlobalSection
	GlobalSection(SolutionProperties) = preSolution
		HideSolutionNode = FALSE
	EndGlobalSection
	GlobalSection(ExtensibilityGlobals) = postSolution
		SolutionGuid = {C0D80A2E-7F05-4F3E-8ECA-F5C8728E4798}
	EndGlobalSection
EndGlobal
